
Microsoft Visual Studio Solution File, Format Version 12.00
# Visual Studio Version 16
VisualStudioVersion = 16.0.30011.22
MinimumVisualStudioVersion = 10.0.40219.1
Project("{FAE04EC0-301F-11D3-BF4B-00C04F79EFBC}") = "Cw11", "Cw11.csproj", "{AEC65D1D-7DA2-4473-A457-0824B2D1F666}"
EndProject
Global
	GlobalSection(SolutionConfigurationPlatforms) = preSolution
		Debug|Any CPU = Debug|Any CPU
		Release|Any CPU = Release|Any CPU
	EndGlobalSection
	GlobalSection(ProjectConfigurationPlatforms) = postSolution
		{AEC65D1D-7DA2-4473-A457-0824B2D1F666}.Debug|Any CPU.ActiveCfg = Debug|Any CPU
		{AEC65D1D-7DA2-4473-A457-0824B2D1F666}.Debug|Any CPU.Build.0 = Debug|Any CPU
		{AEC65D1D-7DA2-4473-A457-0824B2D1F666}.Release|Any CPU.ActiveCfg = Release|Any CPU
		{AEC65D1D-7DA2-4473-A457-0824B2D1F666}.Release|Any CPU.Build.0 = Release|Any CPU
	EndGlobalSection
	GlobalSection(SolutionProperties) = preSolution
		HideSolutionNode = FALSE
	EndGlobalSection
	GlobalSection(ExtensibilityGlobals) = postSolution
		SolutionGuid = {37E91AFC-3085-4D16-9DD6-4517F09254BB}
	EndGlobalSection
EndGlobal
